
Microsoft Visual Studio Solution File, Format Version 12.00
# Visual Studio 15
VisualStudioVersion = 15.0.28307.489
MinimumVisualStudioVersion = 10.0.40219.1
Project("{FAE04EC0-301F-11D3-BF4B-00C04F79EFBC}") = "New_video_Rental", "New_video_Rental\New_video_Rental.csproj", "{8343E96C-E630-44B8-BF57-75D906D8D197}"
EndProject
Project("{FAE04EC0-301F-11D3-BF4B-00C04F79EFBC}") = "DatabaseModule", "DatabaseModule\DatabaseModule.csproj", "{2B1E72D2-81C3-4454-BFF6-B34581C1ABB4}"
EndProject
Project("{FAE04EC0-301F-11D3-BF4B-00C04F79EFBC}") = "New_video_RentalTests", "New_video_RentalTests\New_video_RentalTests.csproj", "{C56BA268-4CDB-407F-8F4E-E628E9D09486}"
EndProject
Project("{FAE04EC0-301F-11D3-BF4B-00C04F79EFBC}") = "DatabaseModuleTests", "DatabaseModuleTests\DatabaseModuleTests.csproj", "{86C513B7-226D-43F1-A510-76C5777CDF43}"
EndProject
Global
	GlobalSection(SolutionConfigurationPlatforms) = preSolution
		Debug|Any CPU = Debug|Any CPU
		Release|Any CPU = Release|Any CPU
	EndGlobalSection
	GlobalSection(ProjectConfigurationPlatforms) = postSolution
		{8343E96C-E630-44B8-BF57-75D906D8D197}.Debug|Any CPU.ActiveCfg = Debug|Any CPU
		{8343E96C-E630-44B8-BF57-75D906D8D197}.Debug|Any CPU.Build.0 = Debug|Any CPU
		{8343E96C-E630-44B8-BF57-75D906D8D197}.Release|Any CPU.ActiveCfg = Release|Any CPU
		{8343E96C-E630-44B8-BF57-75D906D8D197}.Release|Any CPU.Build.0 = Release|Any CPU
		{2B1E72D2-81C3-4454-BFF6-B34581C1ABB4}.Debug|Any CPU.ActiveCfg = Debug|Any CPU
		{2B1E72D2-81C3-4454-BFF6-B34581C1ABB4}.Debug|Any CPU.Build.0 = Debug|Any CPU
		{2B1E72D2-81C3-4454-BFF6-B34581C1ABB4}.Release|Any CPU.ActiveCfg = Release|Any CPU
		{2B1E72D2-81C3-4454-BFF6-B34581C1ABB4}.Release|Any CPU.Build.0 = Release|Any CPU
		{C56BA268-4CDB-407F-8F4E-E628E9D09486}.Debug|Any CPU.ActiveCfg = Debug|Any CPU
		{C56BA268-4CDB-407F-8F4E-E628E9D09486}.Debug|Any CPU.Build.0 = Debug|Any CPU
		{C56BA268-4CDB-407F-8F4E-E628E9D09486}.Release|Any CPU.ActiveCfg = Release|Any CPU
		{C56BA268-4CDB-407F-8F4E-E628E9D09486}.Release|Any CPU.Build.0 = Release|Any CPU
		{86C513B7-226D-43F1-A510-76C5777CDF43}.Debug|Any CPU.ActiveCfg = Debug|Any CPU
		{86C513B7-226D-43F1-A510-76C5777CDF43}.Debug|Any CPU.Build.0 = Debug|Any CPU
		{86C513B7-226D-43F1-A510-76C5777CDF43}.Release|Any CPU.ActiveCfg = Release|Any CPU
		{86C513B7-226D-43F1-A510-76C5777CDF43}.Release|Any CPU.Build.0 = Release|Any CPU
	EndGlobalSection
	GlobalSection(SolutionProperties) = preSolution
		HideSolutionNode = FALSE
	EndGlobalSection
	GlobalSection(ExtensibilityGlobals) = postSolution
		SolutionGuid = {C6A7A7F1-EFDB-45D3-BF65-1AA52893DBCF}
	EndGlobalSection
EndGlobal
